
Microsoft Visual Studio Solution File, Format Version 12.00
# Visual Studio Version 16
VisualStudioVersion = 16.0.31515.178
MinimumVisualStudioVersion = 10.0.40219.1
Project("{FAE04EC0-301F-11D3-BF4B-00C04F79EFBC}") = "Astro Nails", "Astro Nails\Astro Nails.csproj", "{D9CB1D4D-939E-429F-9039-63090974C1FB}"
EndProject
Global
	GlobalSection(SolutionConfigurationPlatforms) = preSolution
		Debug|Any CPU = Debug|Any CPU
		Release|Any CPU = Release|Any CPU
	EndGlobalSection
	GlobalSection(ProjectConfigurationPlatforms) = postSolution
		{D9CB1D4D-939E-429F-9039-63090974C1FB}.Debug|Any CPU.ActiveCfg = Debug|Any CPU
		{D9CB1D4D-939E-429F-9039-63090974C1FB}.Debug|Any CPU.Build.0 = Debug|Any CPU
		{D9CB1D4D-939E-429F-9039-63090974C1FB}.Release|Any CPU.ActiveCfg = Release|Any CPU
		{D9CB1D4D-939E-429F-9039-63090974C1FB}.Release|Any CPU.Build.0 = Release|Any CPU
	EndGlobalSection
	GlobalSection(SolutionProperties) = preSolution
		HideSolutionNode = FALSE
	EndGlobalSection
	GlobalSection(ExtensibilityGlobals) = postSolution
		SolutionGuid = {303EFA1E-870C-4CBD-83BB-29C3C45405CC}
	EndGlobalSection
EndGlobal
